<Solution>
  <Folder Name="/Source/">
    <Project Path="src/Immediate.Jobs/Immediate.Jobs.csproj" />
    <Project Path="src/Immediate.Jobs.Generators/Immediate.Jobs.Generators.csproj" />
    <Project Path="src/Immediate.Jobs.EntityFrameworkCore/Immediate.Jobs.EntityFrameworkCore.csproj" />
    <Project Path="src/Immediate.Jobs.Dashboard/Immediate.Jobs.Dashboard.csproj" />
    <Project Path="src/Immediate.Jobs.NodaTime/Immediate.Jobs.NodaTime.csproj" />
    <Project Path="src/Immediate.Jobs.Testing/Immediate.Jobs.Testing.csproj" />
  </Folder>
  <Folder Name="/Tests/">
    <Project Path="tests/Immediate.Jobs.Tests/Immediate.Jobs.Tests.csproj" />
    <Project Path="tests/Immediate.Jobs.FunctionalTests/Immediate.Jobs.FunctionalTests.csproj" />
  </Folder>
  <Folder Name="/Benchmarks/">
    <Project Path="benchmarks/Immediate.Jobs.Benchmarks/Immediate.Jobs.Benchmarks.csproj" />
  </Folder>
  <Folder Name="/Samples/">
    <Project Path="samples/Aspire/Api/Immediate.Jobs.Aspire.Api.csproj" />
    <Project Path="samples/Aspire/AppHost/Immediate.Jobs.Aspire.AppHost.csproj" />
    <Project Path="samples/Aspire/ServiceDefaults/Immediate.Jobs.Aspire.ServiceDefaults.csproj" />
    <Project Path="samples/Basic/Basic.csproj" />
    <Project Path="samples/NativeAot/NativeAot.csproj" />
  </Folder>
</Solution>
